
Microsoft Visual Studio Solution File, Format Version 12.00
# Visual Studio Version 16
VisualStudioVersion = 16.0.32802.440
MinimumVisualStudioVersion = 10.0.40219.1
Project("{FAE04EC0-301F-11D3-BF4B-00C04F79EFBC}") = "ClassLibrary1", "ClassLibrary1\ClassLibrary1.csproj", "{640F2481-E3F7-4226-B06B-5E6A4BB60E07}"
EndProject
Project("{FAE04EC0-301F-11D3-BF4B-00C04F79EFBC}") = "UnitTestProject1", "UnitTestProject1\UnitTestProject1.csproj", "{C66BFBB4-B21A-48B9-95B5-A023BCCE0340}"
EndProject
Project("{FAE04EC0-301F-11D3-BF4B-00C04F79EFBC}") = "WpfApp1", "WpfApp1\WpfApp1.csproj", "{F8264EBD-A56E-41BE-A68D-389D1307756D}"
EndProject
Global
	GlobalSection(SolutionConfigurationPlatforms) = preSolution
		Debug|Any CPU = Debug|Any CPU
		Release|Any CPU = Release|Any CPU
	EndGlobalSection
	GlobalSection(ProjectConfigurationPlatforms) = postSolution
		{640F2481-E3F7-4226-B06B-5E6A4BB60E07}.Debug|Any CPU.ActiveCfg = Debug|Any CPU
		{640F2481-E3F7-4226-B06B-5E6A4BB60E07}.Debug|Any CPU.Build.0 = Debug|Any CPU
		{640F2481-E3F7-4226-B06B-5E6A4BB60E07}.Release|Any CPU.ActiveCfg = Release|Any CPU
		{640F2481-E3F7-4226-B06B-5E6A4BB60E07}.Release|Any CPU.Build.0 = Release|Any CPU
		{C66BFBB4-B21A-48B9-95B5-A023BCCE0340}.Debug|Any CPU.ActiveCfg = Debug|Any CPU
		{C66BFBB4-B21A-48B9-95B5-A023BCCE0340}.Debug|Any CPU.Build.0 = Debug|Any CPU
		{C66BFBB4-B21A-48B9-95B5-A023BCCE0340}.Release|Any CPU.ActiveCfg = Release|Any CPU
		{C66BFBB4-B21A-48B9-95B5-A023BCCE0340}.Release|Any CPU.Build.0 = Release|Any CPU
		{F8264EBD-A56E-41BE-A68D-389D1307756D}.Debug|Any CPU.ActiveCfg = Debug|Any CPU
		{F8264EBD-A56E-41BE-A68D-389D1307756D}.Debug|Any CPU.Build.0 = Debug|Any CPU
		{F8264EBD-A56E-41BE-A68D-389D1307756D}.Release|Any CPU.ActiveCfg = Release|Any CPU
		{F8264EBD-A56E-41BE-A68D-389D1307756D}.Release|Any CPU.Build.0 = Release|Any CPU
	EndGlobalSection
	GlobalSection(SolutionProperties) = preSolution
		HideSolutionNode = FALSE
	EndGlobalSection
	GlobalSection(ExtensibilityGlobals) = postSolution
		SolutionGuid = {872B75FD-5015-42B8-BB52-40425EFA68CA}
	EndGlobalSection
EndGlobal
